
Microsoft Visual Studio Solution File, Format Version 12.00
# Visual Studio 15
VisualStudioVersion = 15.0.27130.2020
MinimumVisualStudioVersion = 10.0.40219.1
Project("{8BC9CEB8-8B4A-11D0-8D11-00A0C91BC942}") = "Project3", "Project3\Project3.vcxproj", "{08B27937-C172-476D-AE45-42C19B8C8911}"
EndProject
Global
	GlobalSection(SolutionConfigurationPlatforms) = preSolution
		Debug|x64 = Debug|x64
		Debug|x86 = Debug|x86
		Release|x64 = Release|x64
		Release|x86 = Release|x86
	EndGlobalSection
	GlobalSection(ProjectConfigurationPlatforms) = postSolution
		{08B27937-C172-476D-AE45-42C19B8C8911}.Debug|x64.ActiveCfg = Debug|x64
		{08B27937-C172-476D-AE45-42C19B8C8911}.Debug|x64.Build.0 = Debug|x64
		{08B27937-C172-476D-AE45-42C19B8C8911}.Debug|x86.ActiveCfg = Debug|Win32
		{08B27937-C172-476D-AE45-42C19B8C8911}.Debug|x86.Build.0 = Debug|Win32
		{08B27937-C172-476D-AE45-42C19B8C8911}.Release|x64.ActiveCfg = Release|x64
		{08B27937-C172-476D-AE45-42C19B8C8911}.Release|x64.Build.0 = Release|x64
		{08B27937-C172-476D-AE45-42C19B8C8911}.Release|x86.ActiveCfg = Release|Win32
		{08B27937-C172-476D-AE45-42C19B8C8911}.Release|x86.Build.0 = Release|Win32
	EndGlobalSection
	GlobalSection(SolutionProperties) = preSolution
		HideSolutionNode = FALSE
	EndGlobalSection
	GlobalSection(ExtensibilityGlobals) = postSolution
		SolutionGuid = {676CB773-94FE-485F-A4E1-C31E85CFEDDE}
	EndGlobalSection
EndGlobal
